
Microsoft Visual Studio Solution File, Format Version 12.00
# Visual Studio Version 17
VisualStudioVersion = 17.14.36511.14
MinimumVisualStudioVersion = 10.0.40219.1
Project("{FAE04EC0-301F-11D3-BF4B-00C04F79EFBC}") = "Section4", "Section4\Section4.csproj", "{26AB66AC-9F67-457D-A0BA-6E7404017AF4}"
EndProject
Project("{FAE04EC0-301F-11D3-BF4B-00C04F79EFBC}") = "Section4_Ex01", "Section4_Ex01\Section4_Ex01.csproj", "{D6B22CCA-A922-4721-B5E1-3C65D02C585B}"
EndProject
Project("{FAE04EC0-301F-11D3-BF4B-00C04F79EFBC}") = "Section4_Propriedades1", "Section4_Propriedades1\Section4_Propriedades1.csproj", "{1DB63200-9F8F-4903-AB00-078130B067CB}"
EndProject
Project("{FAE04EC0-301F-11D3-BF4B-00C04F79EFBC}") = "Section4_Estruturas1", "Section4_Estruturas1\Section4_Estruturas1.csproj", "{AAEBC27A-0846-4786-BB96-945594523052}"
EndProject
Project("{FAE04EC0-301F-11D3-BF4B-00C04F79EFBC}") = "Section4_Ex02", "Section4_Ex02\Section4_Ex02.csproj", "{1F56868C-99C6-42D1-8B80-49586D2FABB6}"
EndProject
Project("{FAE04EC0-301F-11D3-BF4B-00C04F79EFBC}") = "Section4_Enumeracao1", "Section4_Enumeracao1\Section4_Enumeracao1.csproj", "{6E03577C-80FE-40CD-B866-4BE74FA6E0E1}"
EndProject
Global
	GlobalSection(SolutionConfigurationPlatforms) = preSolution
		Debug|Any CPU = Debug|Any CPU
		Release|Any CPU = Release|Any CPU
	EndGlobalSection
	GlobalSection(ProjectConfigurationPlatforms) = postSolution
		{26AB66AC-9F67-457D-A0BA-6E7404017AF4}.Debug|Any CPU.ActiveCfg = Debug|Any CPU
		{26AB66AC-9F67-457D-A0BA-6E7404017AF4}.Debug|Any CPU.Build.0 = Debug|Any CPU
		{26AB66AC-9F67-457D-A0BA-6E7404017AF4}.Release|Any CPU.ActiveCfg = Release|Any CPU
		{26AB66AC-9F67-457D-A0BA-6E7404017AF4}.Release|Any CPU.Build.0 = Release|Any CPU
		{D6B22CCA-A922-4721-B5E1-3C65D02C585B}.Debug|Any CPU.ActiveCfg = Debug|Any CPU
		{D6B22CCA-A922-4721-B5E1-3C65D02C585B}.Debug|Any CPU.Build.0 = Debug|Any CPU
		{D6B22CCA-A922-4721-B5E1-3C65D02C585B}.Release|Any CPU.ActiveCfg = Release|Any CPU
		{D6B22CCA-A922-4721-B5E1-3C65D02C585B}.Release|Any CPU.Build.0 = Release|Any CPU
		{1DB63200-9F8F-4903-AB00-078130B067CB}.Debug|Any CPU.ActiveCfg = Debug|Any CPU
		{1DB63200-9F8F-4903-AB00-078130B067CB}.Debug|Any CPU.Build.0 = Debug|Any CPU
		{1DB63200-9F8F-4903-AB00-078130B067CB}.Release|Any CPU.ActiveCfg = Release|Any CPU
		{1DB63200-9F8F-4903-AB00-078130B067CB}.Release|Any CPU.Build.0 = Release|Any CPU
		{AAEBC27A-0846-4786-BB96-945594523052}.Debug|Any CPU.ActiveCfg = Debug|Any CPU
		{AAEBC27A-0846-4786-BB96-945594523052}.Debug|Any CPU.Build.0 = Debug|Any CPU
		{AAEBC27A-0846-4786-BB96-945594523052}.Release|Any CPU.ActiveCfg = Release|Any CPU
		{AAEBC27A-0846-4786-BB96-945594523052}.Release|Any CPU.Build.0 = Release|Any CPU
		{1F56868C-99C6-42D1-8B80-49586D2FABB6}.Debug|Any CPU.ActiveCfg = Debug|Any CPU
		{1F56868C-99C6-42D1-8B80-49586D2FABB6}.Debug|Any CPU.Build.0 = Debug|Any CPU
		{1F56868C-99C6-42D1-8B80-49586D2FABB6}.Release|Any CPU.ActiveCfg = Release|Any CPU
		{1F56868C-99C6-42D1-8B80-49586D2FABB6}.Release|Any CPU.Build.0 = Release|Any CPU
		{6E03577C-80FE-40CD-B866-4BE74FA6E0E1}.Debug|Any CPU.ActiveCfg = Debug|Any CPU
		{6E03577C-80FE-40CD-B866-4BE74FA6E0E1}.Debug|Any CPU.Build.0 = Debug|Any CPU
		{6E03577C-80FE-40CD-B866-4BE74FA6E0E1}.Release|Any CPU.ActiveCfg = Release|Any CPU
		{6E03577C-80FE-40CD-B866-4BE74FA6E0E1}.Release|Any CPU.Build.0 = Release|Any CPU
	EndGlobalSection
	GlobalSection(SolutionProperties) = preSolution
		HideSolutionNode = FALSE
	EndGlobalSection
	GlobalSection(ExtensibilityGlobals) = postSolution
		SolutionGuid = {372B270D-6E41-41BC-B12B-70E1001249E1}
	EndGlobalSection
EndGlobal
