
Microsoft Visual Studio Solution File, Format Version 12.00
# Visual Studio Version 17
VisualStudioVersion = 17.14.36511.14
MinimumVisualStudioVersion = 10.0.40219.1
Project("{FAE04EC0-301F-11D3-BF4B-00C04F79EFBC}") = "Section10", "Section10\Section10.csproj", "{EC34DC38-F5ED-420D-BED8-60F55993EF93}"
EndProject
Project("{FAE04EC0-301F-11D3-BF4B-00C04F79EFBC}") = "Section10_Ex01", "Section10_Ex01\Section10_Ex01.csproj", "{5A81F515-5D72-4B91-864E-F55CFA904672}"
EndProject
Project("{FAE04EC0-301F-11D3-BF4B-00C04F79EFBC}") = "Section10_Ex02", "Section10_Ex02\Section10_Ex02.csproj", "{6E0A76E5-EC14-4966-AC69-C36920FCD8BF}"
EndProject
Project("{FAE04EC0-301F-11D3-BF4B-00C04F79EFBC}") = "Section10_Ex03", "Section10_Ex03\Section10_Ex03.csproj", "{6A25FBFA-5466-4533-9EAE-5FE428B4F55D}"
EndProject
Project("{FAE04EC0-301F-11D3-BF4B-00C04F79EFBC}") = "Section10_Ex04", "Section10_Ex04\Section10_Ex04.csproj", "{F2D7E439-E2BD-48BF-ACD0-9D91D0AA3DA9}"
EndProject
Project("{FAE04EC0-301F-11D3-BF4B-00C04F79EFBC}") = "Section10_Ex05", "Section10_Ex05\Section10_Ex05.csproj", "{D0B5E649-A777-4BA1-8B90-B468E97B6CAD}"
EndProject
Project("{FAE04EC0-301F-11D3-BF4B-00C04F79EFBC}") = "Section10_Ex06", "Section10_Ex06\Section10_Ex06.csproj", "{15398584-AD7B-4083-ADD7-A9DF4616D2FE}"
EndProject
Project("{FAE04EC0-301F-11D3-BF4B-00C04F79EFBC}") = "Section10_Ex07", "Section10_Ex07\Section10_Ex07.csproj", "{AC5826F7-1464-4F94-810D-6708E4F0AC3E}"
EndProject
Project("{FAE04EC0-301F-11D3-BF4B-00C04F79EFBC}") = "Section10_Ex07_Otimizado", "Section10_Ex07_Otimizado\Section10_Ex07_Otimizado.csproj", "{18E6A5FB-5F2C-4D09-88FC-6559887E3DBD}"
EndProject
Project("{FAE04EC0-301F-11D3-BF4B-00C04F79EFBC}") = "Section10_Ex08", "Section10_Ex08\Section10_Ex08.csproj", "{386DE3C5-E6C2-46A6-BBB3-69BD664AFB0D}"
EndProject
Project("{FAE04EC0-301F-11D3-BF4B-00C04F79EFBC}") = "Section10_Ex08_Corrigido", "Section10_Ex08_Corrigido\Section10_Ex08_Corrigido.csproj", "{0FDEE22D-6BDB-4E88-9DA2-0883D8545EE5}"
EndProject
Project("{FAE04EC0-301F-11D3-BF4B-00C04F79EFBC}") = "Section10_Ex09", "Section10_Ex09\Section10_Ex09.csproj", "{2E1C9718-F119-4028-ADC9-B7B0E96EE00B}"
EndProject
Project("{FAE04EC0-301F-11D3-BF4B-00C04F79EFBC}") = "Section10_Ex10", "Section10_Ex10\Section10_Ex10.csproj", "{C10BF900-B648-4468-9427-71CDBAD02F05}"
EndProject
Project("{FAE04EC0-301F-11D3-BF4B-00C04F79EFBC}") = "Section10_Ex11", "Section10_Ex11\Section10_Ex11.csproj", "{A904D4F8-A1B1-405C-A588-A27D16880232}"
EndProject
Project("{FAE04EC0-301F-11D3-BF4B-00C04F79EFBC}") = "Section10_Ex12", "Section10_Ex12\Section10_Ex12.csproj", "{63294EA0-9423-4A85-B6EA-0B45CB2A696A}"
EndProject
Project("{FAE04EC0-301F-11D3-BF4B-00C04F79EFBC}") = "Section10_Ex13", "Section10_Ex13\Section10_Ex13.csproj", "{818A09EB-793D-47CD-9153-7E6CB56DD41C}"
EndProject
Project("{FAE04EC0-301F-11D3-BF4B-00C04F79EFBC}") = "Section10_Ex14", "Section10_Ex14\Section10_Ex14.csproj", "{D1156656-86C8-4F1B-8527-E5C085CF7FA2}"
EndProject
Project("{FAE04EC0-301F-11D3-BF4B-00C04F79EFBC}") = "Section10_Ex15", "Section10_Ex15\Section10_Ex15.csproj", "{82E64280-A297-4ECF-A790-99CBF902A7E7}"
EndProject
Project("{FAE04EC0-301F-11D3-BF4B-00C04F79EFBC}") = "Section10_Ex16", "Section10_Ex16\Section10_Ex16.csproj", "{7B4D739F-095E-4E86-88FF-E30AB17338FA}"
EndProject
Project("{FAE04EC0-301F-11D3-BF4B-00C04F79EFBC}") = "Section10_Ex17", "Section10_Ex17\Section10_Ex17.csproj", "{E8079DA1-DA25-4843-9C3B-54BF56340585}"
EndProject
Project("{FAE04EC0-301F-11D3-BF4B-00C04F79EFBC}") = "Section10_Ex18", "Section10_Ex18\Section10_Ex18.csproj", "{7EEEA361-293B-437B-9FF1-65BC31E08E38}"
EndProject
Project("{FAE04EC0-301F-11D3-BF4B-00C04F79EFBC}") = "Section10_Ex19", "Section10_Ex19\Section10_Ex19.csproj", "{109AFA9A-5C24-47A6-87E1-54941100C0D7}"
EndProject
Project("{FAE04EC0-301F-11D3-BF4B-00C04F79EFBC}") = "Section10_Ex20", "Section10_Ex20\Section10_Ex20.csproj", "{6290ACAF-9269-4F39-A0E1-D69C49AAE1A3}"
EndProject
Project("{FAE04EC0-301F-11D3-BF4B-00C04F79EFBC}") = "Section10_Ex21", "Section10_Ex21\Section10_Ex21.csproj", "{EFBCDB94-6385-457A-9504-32FBEAE1E816}"
EndProject
Project("{FAE04EC0-301F-11D3-BF4B-00C04F79EFBC}") = "Section10_Ex22", "Section10_Ex22\Section10_Ex22.csproj", "{7F50FFD5-DB7D-4C1C-B4AC-B95C5DA2EDEE}"
EndProject
Project("{FAE04EC0-301F-11D3-BF4B-00C04F79EFBC}") = "Section10_Ex23", "Section10_Ex23\Section10_Ex23.csproj", "{F1EB41B4-D431-41BD-B076-7E2CAE8CB2BF}"
EndProject
Global
	GlobalSection(SolutionConfigurationPlatforms) = preSolution
		Debug|Any CPU = Debug|Any CPU
		Release|Any CPU = Release|Any CPU
	EndGlobalSection
	GlobalSection(ProjectConfigurationPlatforms) = postSolution
		{EC34DC38-F5ED-420D-BED8-60F55993EF93}.Debug|Any CPU.ActiveCfg = Debug|Any CPU
		{EC34DC38-F5ED-420D-BED8-60F55993EF93}.Debug|Any CPU.Build.0 = Debug|Any CPU
		{EC34DC38-F5ED-420D-BED8-60F55993EF93}.Release|Any CPU.ActiveCfg = Release|Any CPU
		{EC34DC38-F5ED-420D-BED8-60F55993EF93}.Release|Any CPU.Build.0 = Release|Any CPU
		{5A81F515-5D72-4B91-864E-F55CFA904672}.Debug|Any CPU.ActiveCfg = Debug|Any CPU
		{5A81F515-5D72-4B91-864E-F55CFA904672}.Debug|Any CPU.Build.0 = Debug|Any CPU
		{5A81F515-5D72-4B91-864E-F55CFA904672}.Release|Any CPU.ActiveCfg = Release|Any CPU
		{5A81F515-5D72-4B91-864E-F55CFA904672}.Release|Any CPU.Build.0 = Release|Any CPU
		{6E0A76E5-EC14-4966-AC69-C36920FCD8BF}.Debug|Any CPU.ActiveCfg = Debug|Any CPU
		{6E0A76E5-EC14-4966-AC69-C36920FCD8BF}.Debug|Any CPU.Build.0 = Debug|Any CPU
		{6E0A76E5-EC14-4966-AC69-C36920FCD8BF}.Release|Any CPU.ActiveCfg = Release|Any CPU
		{6E0A76E5-EC14-4966-AC69-C36920FCD8BF}.Release|Any CPU.Build.0 = Release|Any CPU
		{6A25FBFA-5466-4533-9EAE-5FE428B4F55D}.Debug|Any CPU.ActiveCfg = Debug|Any CPU
		{6A25FBFA-5466-4533-9EAE-5FE428B4F55D}.Debug|Any CPU.Build.0 = Debug|Any CPU
		{6A25FBFA-5466-4533-9EAE-5FE428B4F55D}.Release|Any CPU.ActiveCfg = Release|Any CPU
		{6A25FBFA-5466-4533-9EAE-5FE428B4F55D}.Release|Any CPU.Build.0 = Release|Any CPU
		{F2D7E439-E2BD-48BF-ACD0-9D91D0AA3DA9}.Debug|Any CPU.ActiveCfg = Debug|Any CPU
		{F2D7E439-E2BD-48BF-ACD0-9D91D0AA3DA9}.Debug|Any CPU.Build.0 = Debug|Any CPU
		{F2D7E439-E2BD-48BF-ACD0-9D91D0AA3DA9}.Release|Any CPU.ActiveCfg = Release|Any CPU
		{F2D7E439-E2BD-48BF-ACD0-9D91D0AA3DA9}.Release|Any CPU.Build.0 = Release|Any CPU
		{D0B5E649-A777-4BA1-8B90-B468E97B6CAD}.Debug|Any CPU.ActiveCfg = Debug|Any CPU
		{D0B5E649-A777-4BA1-8B90-B468E97B6CAD}.Debug|Any CPU.Build.0 = Debug|Any CPU
		{D0B5E649-A777-4BA1-8B90-B468E97B6CAD}.Release|Any CPU.ActiveCfg = Release|Any CPU
		{D0B5E649-A777-4BA1-8B90-B468E97B6CAD}.Release|Any CPU.Build.0 = Release|Any CPU
		{15398584-AD7B-4083-ADD7-A9DF4616D2FE}.Debug|Any CPU.ActiveCfg = Debug|Any CPU
		{15398584-AD7B-4083-ADD7-A9DF4616D2FE}.Debug|Any CPU.Build.0 = Debug|Any CPU
		{15398584-AD7B-4083-ADD7-A9DF4616D2FE}.Release|Any CPU.ActiveCfg = Release|Any CPU
		{15398584-AD7B-4083-ADD7-A9DF4616D2FE}.Release|Any CPU.Build.0 = Release|Any CPU
		{AC5826F7-1464-4F94-810D-6708E4F0AC3E}.Debug|Any CPU.ActiveCfg = Debug|Any CPU
		{AC5826F7-1464-4F94-810D-6708E4F0AC3E}.Debug|Any CPU.Build.0 = Debug|Any CPU
		{AC5826F7-1464-4F94-810D-6708E4F0AC3E}.Release|Any CPU.ActiveCfg = Release|Any CPU
		{AC5826F7-1464-4F94-810D-6708E4F0AC3E}.Release|Any CPU.Build.0 = Release|Any CPU
		{18E6A5FB-5F2C-4D09-88FC-6559887E3DBD}.Debug|Any CPU.ActiveCfg = Debug|Any CPU
		{18E6A5FB-5F2C-4D09-88FC-6559887E3DBD}.Debug|Any CPU.Build.0 = Debug|Any CPU
		{18E6A5FB-5F2C-4D09-88FC-6559887E3DBD}.Release|Any CPU.ActiveCfg = Release|Any CPU
		{18E6A5FB-5F2C-4D09-88FC-6559887E3DBD}.Release|Any CPU.Build.0 = Release|Any CPU
		{386DE3C5-E6C2-46A6-BBB3-69BD664AFB0D}.Debug|Any CPU.ActiveCfg = Debug|Any CPU
		{386DE3C5-E6C2-46A6-BBB3-69BD664AFB0D}.Debug|Any CPU.Build.0 = Debug|Any CPU
		{386DE3C5-E6C2-46A6-BBB3-69BD664AFB0D}.Release|Any CPU.ActiveCfg = Release|Any CPU
		{386DE3C5-E6C2-46A6-BBB3-69BD664AFB0D}.Release|Any CPU.Build.0 = Release|Any CPU
		{0FDEE22D-6BDB-4E88-9DA2-0883D8545EE5}.Debug|Any CPU.ActiveCfg = Debug|Any CPU
		{0FDEE22D-6BDB-4E88-9DA2-0883D8545EE5}.Debug|Any CPU.Build.0 = Debug|Any CPU
		{0FDEE22D-6BDB-4E88-9DA2-0883D8545EE5}.Release|Any CPU.ActiveCfg = Release|Any CPU
		{0FDEE22D-6BDB-4E88-9DA2-0883D8545EE5}.Release|Any CPU.Build.0 = Release|Any CPU
		{2E1C9718-F119-4028-ADC9-B7B0E96EE00B}.Debug|Any CPU.ActiveCfg = Debug|Any CPU
		{2E1C9718-F119-4028-ADC9-B7B0E96EE00B}.Debug|Any CPU.Build.0 = Debug|Any CPU
		{2E1C9718-F119-4028-ADC9-B7B0E96EE00B}.Release|Any CPU.ActiveCfg = Release|Any CPU
		{2E1C9718-F119-4028-ADC9-B7B0E96EE00B}.Release|Any CPU.Build.0 = Release|Any CPU
		{C10BF900-B648-4468-9427-71CDBAD02F05}.Debug|Any CPU.ActiveCfg = Debug|Any CPU
		{C10BF900-B648-4468-9427-71CDBAD02F05}.Debug|Any CPU.Build.0 = Debug|Any CPU
		{C10BF900-B648-4468-9427-71CDBAD02F05}.Release|Any CPU.ActiveCfg = Release|Any CPU
		{C10BF900-B648-4468-9427-71CDBAD02F05}.Release|Any CPU.Build.0 = Release|Any CPU
		{A904D4F8-A1B1-405C-A588-A27D16880232}.Debug|Any CPU.ActiveCfg = Debug|Any CPU
		{A904D4F8-A1B1-405C-A588-A27D16880232}.Debug|Any CPU.Build.0 = Debug|Any CPU
		{A904D4F8-A1B1-405C-A588-A27D16880232}.Release|Any CPU.ActiveCfg = Release|Any CPU
		{A904D4F8-A1B1-405C-A588-A27D16880232}.Release|Any CPU.Build.0 = Release|Any CPU
		{63294EA0-9423-4A85-B6EA-0B45CB2A696A}.Debug|Any CPU.ActiveCfg = Debug|Any CPU
		{63294EA0-9423-4A85-B6EA-0B45CB2A696A}.Debug|Any CPU.Build.0 = Debug|Any CPU
		{63294EA0-9423-4A85-B6EA-0B45CB2A696A}.Release|Any CPU.ActiveCfg = Release|Any CPU
		{63294EA0-9423-4A85-B6EA-0B45CB2A696A}.Release|Any CPU.Build.0 = Release|Any CPU
		{818A09EB-793D-47CD-9153-7E6CB56DD41C}.Debug|Any CPU.ActiveCfg = Debug|Any CPU
		{818A09EB-793D-47CD-9153-7E6CB56DD41C}.Debug|Any CPU.Build.0 = Debug|Any CPU
		{818A09EB-793D-47CD-9153-7E6CB56DD41C}.Release|Any CPU.ActiveCfg = Release|Any CPU
		{818A09EB-793D-47CD-9153-7E6CB56DD41C}.Release|Any CPU.Build.0 = Release|Any CPU
		{D1156656-86C8-4F1B-8527-E5C085CF7FA2}.Debug|Any CPU.ActiveCfg = Debug|Any CPU
		{D1156656-86C8-4F1B-8527-E5C085CF7FA2}.Debug|Any CPU.Build.0 = Debug|Any CPU
		{D1156656-86C8-4F1B-8527-E5C085CF7FA2}.Release|Any CPU.ActiveCfg = Release|Any CPU
		{D1156656-86C8-4F1B-8527-E5C085CF7FA2}.Release|Any CPU.Build.0 = Release|Any CPU
		{82E64280-A297-4ECF-A790-99CBF902A7E7}.Debug|Any CPU.ActiveCfg = Debug|Any CPU
		{82E64280-A297-4ECF-A790-99CBF902A7E7}.Debug|Any CPU.Build.0 = Debug|Any CPU
		{82E64280-A297-4ECF-A790-99CBF902A7E7}.Release|Any CPU.ActiveCfg = Release|Any CPU
		{82E64280-A297-4ECF-A790-99CBF902A7E7}.Release|Any CPU.Build.0 = Release|Any CPU
		{7B4D739F-095E-4E86-88FF-E30AB17338FA}.Debug|Any CPU.ActiveCfg = Debug|Any CPU
		{7B4D739F-095E-4E86-88FF-E30AB17338FA}.Debug|Any CPU.Build.0 = Debug|Any CPU
		{7B4D739F-095E-4E86-88FF-E30AB17338FA}.Release|Any CPU.ActiveCfg = Release|Any CPU
		{7B4D739F-095E-4E86-88FF-E30AB17338FA}.Release|Any CPU.Build.0 = Release|Any CPU
		{E8079DA1-DA25-4843-9C3B-54BF56340585}.Debug|Any CPU.ActiveCfg = Debug|Any CPU
		{E8079DA1-DA25-4843-9C3B-54BF56340585}.Debug|Any CPU.Build.0 = Debug|Any CPU
		{E8079DA1-DA25-4843-9C3B-54BF56340585}.Release|Any CPU.ActiveCfg = Release|Any CPU
		{E8079DA1-DA25-4843-9C3B-54BF56340585}.Release|Any CPU.Build.0 = Release|Any CPU
		{7EEEA361-293B-437B-9FF1-65BC31E08E38}.Debug|Any CPU.ActiveCfg = Debug|Any CPU
		{7EEEA361-293B-437B-9FF1-65BC31E08E38}.Debug|Any CPU.Build.0 = Debug|Any CPU
		{7EEEA361-293B-437B-9FF1-65BC31E08E38}.Release|Any CPU.ActiveCfg = Release|Any CPU
		{7EEEA361-293B-437B-9FF1-65BC31E08E38}.Release|Any CPU.Build.0 = Release|Any CPU
		{109AFA9A-5C24-47A6-87E1-54941100C0D7}.Debug|Any CPU.ActiveCfg = Debug|Any CPU
		{109AFA9A-5C24-47A6-87E1-54941100C0D7}.Debug|Any CPU.Build.0 = Debug|Any CPU
		{109AFA9A-5C24-47A6-87E1-54941100C0D7}.Release|Any CPU.ActiveCfg = Release|Any CPU
		{109AFA9A-5C24-47A6-87E1-54941100C0D7}.Release|Any CPU.Build.0 = Release|Any CPU
		{6290ACAF-9269-4F39-A0E1-D69C49AAE1A3}.Debug|Any CPU.ActiveCfg = Debug|Any CPU
		{6290ACAF-9269-4F39-A0E1-D69C49AAE1A3}.Debug|Any CPU.Build.0 = Debug|Any CPU
		{6290ACAF-9269-4F39-A0E1-D69C49AAE1A3}.Release|Any CPU.ActiveCfg = Release|Any CPU
		{6290ACAF-9269-4F39-A0E1-D69C49AAE1A3}.Release|Any CPU.Build.0 = Release|Any CPU
		{EFBCDB94-6385-457A-9504-32FBEAE1E816}.Debug|Any CPU.ActiveCfg = Debug|Any CPU
		{EFBCDB94-6385-457A-9504-32FBEAE1E816}.Debug|Any CPU.Build.0 = Debug|Any CPU
		{EFBCDB94-6385-457A-9504-32FBEAE1E816}.Release|Any CPU.ActiveCfg = Release|Any CPU
		{EFBCDB94-6385-457A-9504-32FBEAE1E816}.Release|Any CPU.Build.0 = Release|Any CPU
		{7F50FFD5-DB7D-4C1C-B4AC-B95C5DA2EDEE}.Debug|Any CPU.ActiveCfg = Debug|Any CPU
		{7F50FFD5-DB7D-4C1C-B4AC-B95C5DA2EDEE}.Debug|Any CPU.Build.0 = Debug|Any CPU
		{7F50FFD5-DB7D-4C1C-B4AC-B95C5DA2EDEE}.Release|Any CPU.ActiveCfg = Release|Any CPU
		{7F50FFD5-DB7D-4C1C-B4AC-B95C5DA2EDEE}.Release|Any CPU.Build.0 = Release|Any CPU
		{F1EB41B4-D431-41BD-B076-7E2CAE8CB2BF}.Debug|Any CPU.ActiveCfg = Debug|Any CPU
		{F1EB41B4-D431-41BD-B076-7E2CAE8CB2BF}.Debug|Any CPU.Build.0 = Debug|Any CPU
		{F1EB41B4-D431-41BD-B076-7E2CAE8CB2BF}.Release|Any CPU.ActiveCfg = Release|Any CPU
		{F1EB41B4-D431-41BD-B076-7E2CAE8CB2BF}.Release|Any CPU.Build.0 = Release|Any CPU
	EndGlobalSection
	GlobalSection(SolutionProperties) = preSolution
		HideSolutionNode = FALSE
	EndGlobalSection
	GlobalSection(ExtensibilityGlobals) = postSolution
		SolutionGuid = {B1B7DA30-0EDA-4EF2-84F2-D7C263260B68}
	EndGlobalSection
EndGlobal
