
Microsoft Visual Studio Solution File, Format Version 12.00
# Visual Studio Version 17
VisualStudioVersion = 17.14.36511.14
MinimumVisualStudioVersion = 10.0.40219.1
Project("{FAE04EC0-301F-11D3-BF4B-00C04F79EFBC}") = "Section9", "Section9\Section9.csproj", "{C3C746EF-EB56-435C-B433-359B361C6B5F}"
EndProject
Project("{FAE04EC0-301F-11D3-BF4B-00C04F79EFBC}") = "Section9_Ex01", "Section9_Ex01\Section9_Ex01.csproj", "{48098FEE-E17D-4F20-91D2-6A3561F58A90}"
EndProject
Project("{FAE04EC0-301F-11D3-BF4B-00C04F79EFBC}") = "Section9_Ex02", "Section9_Ex02\Section9_Ex02.csproj", "{AF7F56D5-D683-429A-ADDC-1C546A857E6B}"
EndProject
Project("{FAE04EC0-301F-11D3-BF4B-00C04F79EFBC}") = "Section9_Ex03", "Section9_Ex03\Section9_Ex03.csproj", "{E79A2DBD-489D-47CF-AE53-CED2FCBAEFF1}"
EndProject
Project("{FAE04EC0-301F-11D3-BF4B-00C04F79EFBC}") = "Section9_Ex04", "Section9_Ex04\Section9_Ex04.csproj", "{14B1CB1C-D3AA-408F-B672-7AC939F6EFA6}"
EndProject
Project("{FAE04EC0-301F-11D3-BF4B-00C04F79EFBC}") = "Section9_LINQ1", "Section9_LINQ1\Section9_LINQ1.csproj", "{E7EBEEA7-5923-4F91-98AE-306CA6557ABE}"
EndProject
Project("{FAE04EC0-301F-11D3-BF4B-00C04F79EFBC}") = "Section9_ConsultasLINQ1", "Section9_ConsultasLINQ1\Section9_ConsultasLINQ1.csproj", "{54F9A11F-9D4B-4A2F-86F8-73B6DF72D9A0}"
EndProject
Project("{FAE04EC0-301F-11D3-BF4B-00C04F79EFBC}") = "Section9_ConsultasLINQ2", "Section9_ConsultasLINQ2\Section9_ConsultasLINQ2.csproj", "{66976A4D-A562-46C0-9A28-61E2DD882A5F}"
EndProject
Project("{FAE04EC0-301F-11D3-BF4B-00C04F79EFBC}") = "Section9_ConsultasLINQ3", "Section9_ConsultasLINQ3\Section9_ConsultasLINQ3.csproj", "{1328F994-DD26-485D-AECA-CA6BC1DF98BD}"
EndProject
Project("{FAE04EC0-301F-11D3-BF4B-00C04F79EFBC}") = "Section9_Ex05", "Section9_Ex05\Section9_Ex05.csproj", "{A424FB4C-FC29-42F8-A695-07053CE61F22}"
EndProject
Project("{FAE04EC0-301F-11D3-BF4B-00C04F79EFBC}") = "Section9_Ex06", "Section9_Ex06\Section9_Ex06.csproj", "{DA80C662-BEEB-4260-8185-0D2124BAAEF0}"
EndProject
Project("{FAE04EC0-301F-11D3-BF4B-00C04F79EFBC}") = "Section9_Ex07", "Section9_Ex07\Section9_Ex07.csproj", "{542C252D-1160-4AEC-BD5C-37DE39C95E0B}"
EndProject
Project("{FAE04EC0-301F-11D3-BF4B-00C04F79EFBC}") = "Section9_Ex08", "Section9_Ex08\Section9_Ex08.csproj", "{67BFBD18-82D6-454D-95D3-EC24115A38BB}"
EndProject
Project("{FAE04EC0-301F-11D3-BF4B-00C04F79EFBC}") = "Section9_Ex09", "Section9_Ex09\Section9_Ex09.csproj", "{1DE57378-E7B3-424E-BBBC-42B710ACA2B9}"
EndProject
Project("{FAE04EC0-301F-11D3-BF4B-00C04F79EFBC}") = "Section9_Ex10", "Section9_Ex10\Section9_Ex10.csproj", "{75EB3E2A-DA8D-4219-BBCD-2BF0FF1EAC4F}"
EndProject
Project("{FAE04EC0-301F-11D3-BF4B-00C04F79EFBC}") = "Section9_Ex11", "Section9_Ex11\Section9_Ex11.csproj", "{F2006312-7069-4794-A2C9-6A7CABAEDFE7}"
EndProject
Project("{FAE04EC0-301F-11D3-BF4B-00C04F79EFBC}") = "Section9_Ex12", "Section9_Ex12\Section9_Ex12.csproj", "{162D1F4B-5E1E-410A-B1E4-87EF7748DA9C}"
EndProject
Project("{FAE04EC0-301F-11D3-BF4B-00C04F79EFBC}") = "Section9_Ex13", "Section9_Ex13\Section9_Ex13.csproj", "{0005488B-2B7A-4585-996D-AFAEFD551582}"
EndProject
Project("{FAE04EC0-301F-11D3-BF4B-00C04F79EFBC}") = "Section9_Ex14", "Section9_Ex14\Section9_Ex14.csproj", "{5E744549-C9F5-4FD1-9027-B5261BB37571}"
EndProject
Global
	GlobalSection(SolutionConfigurationPlatforms) = preSolution
		Debug|Any CPU = Debug|Any CPU
		Release|Any CPU = Release|Any CPU
	EndGlobalSection
	GlobalSection(ProjectConfigurationPlatforms) = postSolution
		{C3C746EF-EB56-435C-B433-359B361C6B5F}.Debug|Any CPU.ActiveCfg = Debug|Any CPU
		{C3C746EF-EB56-435C-B433-359B361C6B5F}.Debug|Any CPU.Build.0 = Debug|Any CPU
		{C3C746EF-EB56-435C-B433-359B361C6B5F}.Release|Any CPU.ActiveCfg = Release|Any CPU
		{C3C746EF-EB56-435C-B433-359B361C6B5F}.Release|Any CPU.Build.0 = Release|Any CPU
		{48098FEE-E17D-4F20-91D2-6A3561F58A90}.Debug|Any CPU.ActiveCfg = Debug|Any CPU
		{48098FEE-E17D-4F20-91D2-6A3561F58A90}.Debug|Any CPU.Build.0 = Debug|Any CPU
		{48098FEE-E17D-4F20-91D2-6A3561F58A90}.Release|Any CPU.ActiveCfg = Release|Any CPU
		{48098FEE-E17D-4F20-91D2-6A3561F58A90}.Release|Any CPU.Build.0 = Release|Any CPU
		{AF7F56D5-D683-429A-ADDC-1C546A857E6B}.Debug|Any CPU.ActiveCfg = Debug|Any CPU
		{AF7F56D5-D683-429A-ADDC-1C546A857E6B}.Debug|Any CPU.Build.0 = Debug|Any CPU
		{AF7F56D5-D683-429A-ADDC-1C546A857E6B}.Release|Any CPU.ActiveCfg = Release|Any CPU
		{AF7F56D5-D683-429A-ADDC-1C546A857E6B}.Release|Any CPU.Build.0 = Release|Any CPU
		{E79A2DBD-489D-47CF-AE53-CED2FCBAEFF1}.Debug|Any CPU.ActiveCfg = Debug|Any CPU
		{E79A2DBD-489D-47CF-AE53-CED2FCBAEFF1}.Debug|Any CPU.Build.0 = Debug|Any CPU
		{E79A2DBD-489D-47CF-AE53-CED2FCBAEFF1}.Release|Any CPU.ActiveCfg = Release|Any CPU
		{E79A2DBD-489D-47CF-AE53-CED2FCBAEFF1}.Release|Any CPU.Build.0 = Release|Any CPU
		{14B1CB1C-D3AA-408F-B672-7AC939F6EFA6}.Debug|Any CPU.ActiveCfg = Debug|Any CPU
		{14B1CB1C-D3AA-408F-B672-7AC939F6EFA6}.Debug|Any CPU.Build.0 = Debug|Any CPU
		{14B1CB1C-D3AA-408F-B672-7AC939F6EFA6}.Release|Any CPU.ActiveCfg = Release|Any CPU
		{14B1CB1C-D3AA-408F-B672-7AC939F6EFA6}.Release|Any CPU.Build.0 = Release|Any CPU
		{E7EBEEA7-5923-4F91-98AE-306CA6557ABE}.Debug|Any CPU.ActiveCfg = Debug|Any CPU
		{E7EBEEA7-5923-4F91-98AE-306CA6557ABE}.Debug|Any CPU.Build.0 = Debug|Any CPU
		{E7EBEEA7-5923-4F91-98AE-306CA6557ABE}.Release|Any CPU.ActiveCfg = Release|Any CPU
		{E7EBEEA7-5923-4F91-98AE-306CA6557ABE}.Release|Any CPU.Build.0 = Release|Any CPU
		{54F9A11F-9D4B-4A2F-86F8-73B6DF72D9A0}.Debug|Any CPU.ActiveCfg = Debug|Any CPU
		{54F9A11F-9D4B-4A2F-86F8-73B6DF72D9A0}.Debug|Any CPU.Build.0 = Debug|Any CPU
		{54F9A11F-9D4B-4A2F-86F8-73B6DF72D9A0}.Release|Any CPU.ActiveCfg = Release|Any CPU
		{54F9A11F-9D4B-4A2F-86F8-73B6DF72D9A0}.Release|Any CPU.Build.0 = Release|Any CPU
		{66976A4D-A562-46C0-9A28-61E2DD882A5F}.Debug|Any CPU.ActiveCfg = Debug|Any CPU
		{66976A4D-A562-46C0-9A28-61E2DD882A5F}.Debug|Any CPU.Build.0 = Debug|Any CPU
		{66976A4D-A562-46C0-9A28-61E2DD882A5F}.Release|Any CPU.ActiveCfg = Release|Any CPU
		{66976A4D-A562-46C0-9A28-61E2DD882A5F}.Release|Any CPU.Build.0 = Release|Any CPU
		{1328F994-DD26-485D-AECA-CA6BC1DF98BD}.Debug|Any CPU.ActiveCfg = Debug|Any CPU
		{1328F994-DD26-485D-AECA-CA6BC1DF98BD}.Debug|Any CPU.Build.0 = Debug|Any CPU
		{1328F994-DD26-485D-AECA-CA6BC1DF98BD}.Release|Any CPU.ActiveCfg = Release|Any CPU
		{1328F994-DD26-485D-AECA-CA6BC1DF98BD}.Release|Any CPU.Build.0 = Release|Any CPU
		{A424FB4C-FC29-42F8-A695-07053CE61F22}.Debug|Any CPU.ActiveCfg = Debug|Any CPU
		{A424FB4C-FC29-42F8-A695-07053CE61F22}.Debug|Any CPU.Build.0 = Debug|Any CPU
		{A424FB4C-FC29-42F8-A695-07053CE61F22}.Release|Any CPU.ActiveCfg = Release|Any CPU
		{A424FB4C-FC29-42F8-A695-07053CE61F22}.Release|Any CPU.Build.0 = Release|Any CPU
		{DA80C662-BEEB-4260-8185-0D2124BAAEF0}.Debug|Any CPU.ActiveCfg = Debug|Any CPU
		{DA80C662-BEEB-4260-8185-0D2124BAAEF0}.Debug|Any CPU.Build.0 = Debug|Any CPU
		{DA80C662-BEEB-4260-8185-0D2124BAAEF0}.Release|Any CPU.ActiveCfg = Release|Any CPU
		{DA80C662-BEEB-4260-8185-0D2124BAAEF0}.Release|Any CPU.Build.0 = Release|Any CPU
		{542C252D-1160-4AEC-BD5C-37DE39C95E0B}.Debug|Any CPU.ActiveCfg = Debug|Any CPU
		{542C252D-1160-4AEC-BD5C-37DE39C95E0B}.Debug|Any CPU.Build.0 = Debug|Any CPU
		{542C252D-1160-4AEC-BD5C-37DE39C95E0B}.Release|Any CPU.ActiveCfg = Release|Any CPU
		{542C252D-1160-4AEC-BD5C-37DE39C95E0B}.Release|Any CPU.Build.0 = Release|Any CPU
		{67BFBD18-82D6-454D-95D3-EC24115A38BB}.Debug|Any CPU.ActiveCfg = Debug|Any CPU
		{67BFBD18-82D6-454D-95D3-EC24115A38BB}.Debug|Any CPU.Build.0 = Debug|Any CPU
		{67BFBD18-82D6-454D-95D3-EC24115A38BB}.Release|Any CPU.ActiveCfg = Release|Any CPU
		{67BFBD18-82D6-454D-95D3-EC24115A38BB}.Release|Any CPU.Build.0 = Release|Any CPU
		{1DE57378-E7B3-424E-BBBC-42B710ACA2B9}.Debug|Any CPU.ActiveCfg = Debug|Any CPU
		{1DE57378-E7B3-424E-BBBC-42B710ACA2B9}.Debug|Any CPU.Build.0 = Debug|Any CPU
		{1DE57378-E7B3-424E-BBBC-42B710ACA2B9}.Release|Any CPU.ActiveCfg = Release|Any CPU
		{1DE57378-E7B3-424E-BBBC-42B710ACA2B9}.Release|Any CPU.Build.0 = Release|Any CPU
		{75EB3E2A-DA8D-4219-BBCD-2BF0FF1EAC4F}.Debug|Any CPU.ActiveCfg = Debug|Any CPU
		{75EB3E2A-DA8D-4219-BBCD-2BF0FF1EAC4F}.Debug|Any CPU.Build.0 = Debug|Any CPU
		{75EB3E2A-DA8D-4219-BBCD-2BF0FF1EAC4F}.Release|Any CPU.ActiveCfg = Release|Any CPU
		{75EB3E2A-DA8D-4219-BBCD-2BF0FF1EAC4F}.Release|Any CPU.Build.0 = Release|Any CPU
		{F2006312-7069-4794-A2C9-6A7CABAEDFE7}.Debug|Any CPU.ActiveCfg = Debug|Any CPU
		{F2006312-7069-4794-A2C9-6A7CABAEDFE7}.Debug|Any CPU.Build.0 = Debug|Any CPU
		{F2006312-7069-4794-A2C9-6A7CABAEDFE7}.Release|Any CPU.ActiveCfg = Release|Any CPU
		{F2006312-7069-4794-A2C9-6A7CABAEDFE7}.Release|Any CPU.Build.0 = Release|Any CPU
		{162D1F4B-5E1E-410A-B1E4-87EF7748DA9C}.Debug|Any CPU.ActiveCfg = Debug|Any CPU
		{162D1F4B-5E1E-410A-B1E4-87EF7748DA9C}.Debug|Any CPU.Build.0 = Debug|Any CPU
		{162D1F4B-5E1E-410A-B1E4-87EF7748DA9C}.Release|Any CPU.ActiveCfg = Release|Any CPU
		{162D1F4B-5E1E-410A-B1E4-87EF7748DA9C}.Release|Any CPU.Build.0 = Release|Any CPU
		{0005488B-2B7A-4585-996D-AFAEFD551582}.Debug|Any CPU.ActiveCfg = Debug|Any CPU
		{0005488B-2B7A-4585-996D-AFAEFD551582}.Debug|Any CPU.Build.0 = Debug|Any CPU
		{0005488B-2B7A-4585-996D-AFAEFD551582}.Release|Any CPU.ActiveCfg = Release|Any CPU
		{0005488B-2B7A-4585-996D-AFAEFD551582}.Release|Any CPU.Build.0 = Release|Any CPU
		{5E744549-C9F5-4FD1-9027-B5261BB37571}.Debug|Any CPU.ActiveCfg = Debug|Any CPU
		{5E744549-C9F5-4FD1-9027-B5261BB37571}.Debug|Any CPU.Build.0 = Debug|Any CPU
		{5E744549-C9F5-4FD1-9027-B5261BB37571}.Release|Any CPU.ActiveCfg = Release|Any CPU
		{5E744549-C9F5-4FD1-9027-B5261BB37571}.Release|Any CPU.Build.0 = Release|Any CPU
	EndGlobalSection
	GlobalSection(SolutionProperties) = preSolution
		HideSolutionNode = FALSE
	EndGlobalSection
	GlobalSection(ExtensibilityGlobals) = postSolution
		SolutionGuid = {87A06A06-FB5B-45C4-9167-D80D67BFD3EA}
	EndGlobalSection
EndGlobal
