
Microsoft Visual Studio Solution File, Format Version 12.00
# Visual Studio Version 17
VisualStudioVersion = 17.14.36511.14
MinimumVisualStudioVersion = 10.0.40219.1
Project("{FAE04EC0-301F-11D3-BF4B-00C04F79EFBC}") = "SectionRecap_Ex01", "SectionRecap\SectionRecap_Ex01.csproj", "{AAB29991-2A56-4DCE-8E9F-5CA0703CBFFF}"
EndProject
Project("{FAE04EC0-301F-11D3-BF4B-00C04F79EFBC}") = "SectionRecap_Ex02", "SectionRecap_Ex02\SectionRecap_Ex02.csproj", "{4C8DF472-6BDF-48CD-93E6-4637FECD7DAC}"
EndProject
Project("{FAE04EC0-301F-11D3-BF4B-00C04F79EFBC}") = "SectionRecap_Ex03", "SectionRecap_Ex03\SectionRecap_Ex03.csproj", "{AE885B7B-8F37-4A16-8BC0-DA99ED4C31C7}"
EndProject
Project("{FAE04EC0-301F-11D3-BF4B-00C04F79EFBC}") = "SectionRecap_Ex04", "SectionRecap_Ex04\SectionRecap_Ex04.csproj", "{5C531141-69AF-4B37-9475-8833F6D1BF4E}"
EndProject
Project("{FAE04EC0-301F-11D3-BF4B-00C04F79EFBC}") = "SectionRecap_Ex05", "SectionRecap_Ex05\SectionRecap_Ex05.csproj", "{B3E8E7AB-5107-4724-9493-C8A3092774D9}"
EndProject
Project("{FAE04EC0-301F-11D3-BF4B-00C04F79EFBC}") = "SectionRecap_Ex06", "SectionRecap_Ex06\SectionRecap_Ex06.csproj", "{4136A99B-ED16-480C-A58D-6C49EB05FF77}"
EndProject
Project("{FAE04EC0-301F-11D3-BF4B-00C04F79EFBC}") = "SectionRecap_Ex07", "SectionRecap_Ex07\SectionRecap_Ex07.csproj", "{BC964C06-7C18-460B-94BF-0223BDE1CCA0}"
EndProject
Project("{FAE04EC0-301F-11D3-BF4B-00C04F79EFBC}") = "SectionRecap_Ex08", "SectionRecap_Ex08\SectionRecap_Ex08.csproj", "{4EF577BC-F174-4F3E-A5C0-AA172555F27B}"
EndProject
Project("{FAE04EC0-301F-11D3-BF4B-00C04F79EFBC}") = "SectionRecap_Ex09", "SectionRecap_Ex09\SectionRecap_Ex09.csproj", "{4C35A41B-6F7E-420B-954B-999EAFF72F60}"
EndProject
Project("{FAE04EC0-301F-11D3-BF4B-00C04F79EFBC}") = "SectionRecap_Ex10", "SectionRecap_Ex10\SectionRecap_Ex10.csproj", "{0B8A2CF4-57ED-4F2A-88D3-D95E4699849A}"
EndProject
Project("{FAE04EC0-301F-11D3-BF4B-00C04F79EFBC}") = "SectionRecap_Ex11", "SectionRecap_Ex11\SectionRecap_Ex11.csproj", "{B233BA62-A017-46D0-8C51-636089238ACE}"
EndProject
Project("{FAE04EC0-301F-11D3-BF4B-00C04F79EFBC}") = "SectionRecap_Ex12", "SectionRecap_Ex12\SectionRecap_Ex12.csproj", "{CD08DDD2-23FD-4D1C-8CF8-0B50C1319D73}"
EndProject
Project("{FAE04EC0-301F-11D3-BF4B-00C04F79EFBC}") = "SectionRecap_Ex13", "SectionRecap_Ex13\SectionRecap_Ex13.csproj", "{4F4B5B18-EF70-4DCB-BE23-43340202F5C1}"
EndProject
Project("{FAE04EC0-301F-11D3-BF4B-00C04F79EFBC}") = "SectionRecap_Ex14", "SectionRecap_Ex14\SectionRecap_Ex14.csproj", "{CF13B0E3-4F55-46F6-A309-09460C7E2134}"
EndProject
Project("{FAE04EC0-301F-11D3-BF4B-00C04F79EFBC}") = "SectionRecap_Ex15", "SectionRecap_Ex15\SectionRecap_Ex15.csproj", "{DAFB33FF-9D1D-4153-9C7A-BB6EECD0E51D}"
EndProject
Project("{FAE04EC0-301F-11D3-BF4B-00C04F79EFBC}") = "SectionRecap_Ex16", "SectionRecap_Ex16\SectionRecap_Ex16.csproj", "{BDFE04DA-C74C-48FC-9DD8-B827AA6CCA51}"
EndProject
Project("{FAE04EC0-301F-11D3-BF4B-00C04F79EFBC}") = "SectionRecap_Ex17", "SectionRecap_Ex17\SectionRecap_Ex17.csproj", "{047E6D0B-AB3A-4162-B489-B750A75BDB87}"
EndProject
Project("{FAE04EC0-301F-11D3-BF4B-00C04F79EFBC}") = "SectionRecap_Ex18", "SectionRecap_Ex18\SectionRecap_Ex18.csproj", "{AC823286-8661-431B-B27F-252AF468E059}"
EndProject
Project("{FAE04EC0-301F-11D3-BF4B-00C04F79EFBC}") = "SectionRecap_Ex19", "SectionRecap_Ex19\SectionRecap_Ex19.csproj", "{7FF64080-0B9A-430D-A0DF-F3B50C8E6AB3}"
EndProject
Project("{FAE04EC0-301F-11D3-BF4B-00C04F79EFBC}") = "SectionRecap_Ex20", "SectionRecap_Ex20\SectionRecap_Ex20.csproj", "{D2DE8817-9B07-48D7-9D9C-9C3568996E1B}"
EndProject
Project("{FAE04EC0-301F-11D3-BF4B-00C04F79EFBC}") = "SectionRecap_Ex21", "SectionRecap_Ex21\SectionRecap_Ex21.csproj", "{D8D15052-AE34-4BF2-A561-FD341A3AC572}"
EndProject
Project("{FAE04EC0-301F-11D3-BF4B-00C04F79EFBC}") = "SectionRecap_Ex22", "SectionRecap_Ex22\SectionRecap_Ex22.csproj", "{638C25C4-40E9-41B5-B59A-25E373A5DD44}"
EndProject
Project("{FAE04EC0-301F-11D3-BF4B-00C04F79EFBC}") = "SectionRecap_Ex23", "SectionRecap_Ex23\SectionRecap_Ex23.csproj", "{C4C14063-FB46-4255-8C27-F796FB863B73}"
EndProject
Project("{FAE04EC0-301F-11D3-BF4B-00C04F79EFBC}") = "SectionRecap_Ex24", "SectionRecap_Ex24\SectionRecap_Ex24.csproj", "{4D988B3D-822B-4A37-9484-A6AB57A59206}"
EndProject
Project("{FAE04EC0-301F-11D3-BF4B-00C04F79EFBC}") = "SectionRecap_Ex25", "SectionRecap_Ex25\SectionRecap_Ex25.csproj", "{D8ED30EF-82EF-477B-8695-0E4FB2ED61A2}"
EndProject
Project("{FAE04EC0-301F-11D3-BF4B-00C04F79EFBC}") = "SectionRecap_Ex26", "SectionRecap_Ex26\SectionRecap_Ex26.csproj", "{CABCE68A-6A50-418E-A3B4-9F811CB12136}"
EndProject
Project("{FAE04EC0-301F-11D3-BF4B-00C04F79EFBC}") = "SectionRecap_Ex27", "SectionRecap_Ex27\SectionRecap_Ex27.csproj", "{E4681621-DB44-4164-95CA-CFDD573715B6}"
EndProject
Project("{FAE04EC0-301F-11D3-BF4B-00C04F79EFBC}") = "SectionRecap_Ex28", "SectionRecap_Ex28\SectionRecap_Ex28.csproj", "{0C45D858-CBC7-4AA2-9F6F-259934A781CA}"
EndProject
Project("{FAE04EC0-301F-11D3-BF4B-00C04F79EFBC}") = "SectionRecap_Ex29", "SectionRecap_Ex29\SectionRecap_Ex29.csproj", "{BBEC192E-505B-4624-B954-38AEAC5A0F19}"
EndProject
Project("{FAE04EC0-301F-11D3-BF4B-00C04F79EFBC}") = "SectionRecap_Ex30", "SectionRecap_Ex30\SectionRecap_Ex30.csproj", "{58B4479B-A29F-4CA1-8581-B04970BEFFB1}"
EndProject
Project("{FAE04EC0-301F-11D3-BF4B-00C04F79EFBC}") = "SectionRecap_Ex31", "SectionRecap_Ex31\SectionRecap_Ex31.csproj", "{A805C1CA-4FBE-4124-8306-B17EF2A7063E}"
EndProject
Project("{FAE04EC0-301F-11D3-BF4B-00C04F79EFBC}") = "SectionRecap_Ex32", "SectionRecap_Ex32\SectionRecap_Ex32.csproj", "{4D79A8CC-772E-411F-859E-8B507EE9BB24}"
EndProject
Project("{FAE04EC0-301F-11D3-BF4B-00C04F79EFBC}") = "SectionRecap_Ex33", "SectionRecap_Ex33\SectionRecap_Ex33.csproj", "{B6C96348-B678-4E30-8595-12A52AEC3E10}"
EndProject
Project("{FAE04EC0-301F-11D3-BF4B-00C04F79EFBC}") = "SectionRecap_Ex34", "SectionRecap_Ex34\SectionRecap_Ex34.csproj", "{FEEDA9BA-5E23-4F79-B241-FF6581B75A72}"
EndProject
Project("{FAE04EC0-301F-11D3-BF4B-00C04F79EFBC}") = "SectionRecap_Ex35", "SectionRecap_Ex35\SectionRecap_Ex35.csproj", "{3521AEE1-7506-46E2-9A49-D3813E11221D}"
EndProject
Project("{FAE04EC0-301F-11D3-BF4B-00C04F79EFBC}") = "SectionRecap_Ex36", "SectionRecap_Ex36\SectionRecap_Ex36.csproj", "{C4910C9F-55D5-410E-BD1D-609B9332BD14}"
EndProject
Project("{FAE04EC0-301F-11D3-BF4B-00C04F79EFBC}") = "SectionRecap_Ex37", "SectionRecap_Ex37\SectionRecap_Ex37.csproj", "{6E757282-D9C4-474D-A472-24BC86B78ACB}"
EndProject
Project("{FAE04EC0-301F-11D3-BF4B-00C04F79EFBC}") = "SectionRecap_Ex38", "SectionRecap_Ex38\SectionRecap_Ex38.csproj", "{D6852DC7-DDF1-436E-BA7F-5229A9DD4845}"
EndProject
Project("{FAE04EC0-301F-11D3-BF4B-00C04F79EFBC}") = "SectionRecap_Ex39", "SectionRecap_Ex39\SectionRecap_Ex39.csproj", "{DF3E0CDD-3CFF-42B0-AC17-F51EB20BDE6D}"
EndProject
Project("{FAE04EC0-301F-11D3-BF4B-00C04F79EFBC}") = "SectionRecap_Ex40", "SectionRecap_Ex40\SectionRecap_Ex40.csproj", "{8D9226BF-5F72-47AD-B328-A669175B54DC}"
EndProject
Project("{FAE04EC0-301F-11D3-BF4B-00C04F79EFBC}") = "SectionRecap_Ex41", "SectionRecap_Ex41\SectionRecap_Ex41.csproj", "{6619DF8C-07A4-41CD-8623-3EA63952C2A6}"
EndProject
Project("{FAE04EC0-301F-11D3-BF4B-00C04F79EFBC}") = "SectionRecap_Ex42", "SectionRecap_Ex42\SectionRecap_Ex42.csproj", "{8417DCEE-D171-4E78-A55E-4A14840D780A}"
EndProject
Project("{FAE04EC0-301F-11D3-BF4B-00C04F79EFBC}") = "SectionRecap_Ex43", "SectionRecap_Ex43\SectionRecap_Ex43.csproj", "{14CBF002-FE15-470F-9774-5B20FACB318A}"
EndProject
Project("{FAE04EC0-301F-11D3-BF4B-00C04F79EFBC}") = "SectionRecap_Ex44", "SectionRecap_Ex44\SectionRecap_Ex44.csproj", "{059F031F-05CF-47A0-A8F8-81B2430CBC81}"
EndProject
Project("{FAE04EC0-301F-11D3-BF4B-00C04F79EFBC}") = "SectionRecap_Ex45", "SectionRecap_Ex45\SectionRecap_Ex45.csproj", "{88DD2391-4EE6-4226-8FA6-B05FBAB2F45C}"
EndProject
Project("{FAE04EC0-301F-11D3-BF4B-00C04F79EFBC}") = "SectionRecap_Ex46", "SectionRecap_Ex46\SectionRecap_Ex46.csproj", "{F73E7F46-A7B2-409E-A31F-E457846C2D0F}"
EndProject
Project("{FAE04EC0-301F-11D3-BF4B-00C04F79EFBC}") = "SectionRecap_Ex47", "SectionRecap_Ex47\SectionRecap_Ex47.csproj", "{3C4A5F0A-E089-4216-B954-FA7F1128766C}"
EndProject
Project("{FAE04EC0-301F-11D3-BF4B-00C04F79EFBC}") = "SectionRecap_Ex48", "SectionRecap_Ex48\SectionRecap_Ex48.csproj", "{D417459E-2A95-4628-8D10-230E5C770986}"
EndProject
Project("{FAE04EC0-301F-11D3-BF4B-00C04F79EFBC}") = "SectionRecap_Ex49", "SectionRecap_Ex49\SectionRecap_Ex49.csproj", "{7AD725A6-A754-495D-A3FC-164A2A7B976D}"
EndProject
Project("{FAE04EC0-301F-11D3-BF4B-00C04F79EFBC}") = "SectionRecap_Ex50", "SectionRecap_Ex50\SectionRecap_Ex50.csproj", "{BFA09C37-D151-4812-BA00-D8CE9AFEFBB8}"
EndProject
Project("{FAE04EC0-301F-11D3-BF4B-00C04F79EFBC}") = "SectionRecap_Ex51", "SectionRecap_Ex51\SectionRecap_Ex51.csproj", "{876DC9C3-D560-4A89-9F27-CE0F95067341}"
EndProject
Project("{FAE04EC0-301F-11D3-BF4B-00C04F79EFBC}") = "SectionRecap_Ex52", "SectionRecap_Ex52\SectionRecap_Ex52.csproj", "{74A4405B-8404-4495-A718-C9063080DCD5}"
EndProject
Global
	GlobalSection(SolutionConfigurationPlatforms) = preSolution
		Debug|Any CPU = Debug|Any CPU
		Release|Any CPU = Release|Any CPU
	EndGlobalSection
	GlobalSection(ProjectConfigurationPlatforms) = postSolution
		{AAB29991-2A56-4DCE-8E9F-5CA0703CBFFF}.Debug|Any CPU.ActiveCfg = Debug|Any CPU
		{AAB29991-2A56-4DCE-8E9F-5CA0703CBFFF}.Debug|Any CPU.Build.0 = Debug|Any CPU
		{AAB29991-2A56-4DCE-8E9F-5CA0703CBFFF}.Release|Any CPU.ActiveCfg = Release|Any CPU
		{AAB29991-2A56-4DCE-8E9F-5CA0703CBFFF}.Release|Any CPU.Build.0 = Release|Any CPU
		{4C8DF472-6BDF-48CD-93E6-4637FECD7DAC}.Debug|Any CPU.ActiveCfg = Debug|Any CPU
		{4C8DF472-6BDF-48CD-93E6-4637FECD7DAC}.Debug|Any CPU.Build.0 = Debug|Any CPU
		{4C8DF472-6BDF-48CD-93E6-4637FECD7DAC}.Release|Any CPU.ActiveCfg = Release|Any CPU
		{4C8DF472-6BDF-48CD-93E6-4637FECD7DAC}.Release|Any CPU.Build.0 = Release|Any CPU
		{AE885B7B-8F37-4A16-8BC0-DA99ED4C31C7}.Debug|Any CPU.ActiveCfg = Debug|Any CPU
		{AE885B7B-8F37-4A16-8BC0-DA99ED4C31C7}.Debug|Any CPU.Build.0 = Debug|Any CPU
		{AE885B7B-8F37-4A16-8BC0-DA99ED4C31C7}.Release|Any CPU.ActiveCfg = Release|Any CPU
		{AE885B7B-8F37-4A16-8BC0-DA99ED4C31C7}.Release|Any CPU.Build.0 = Release|Any CPU
		{5C531141-69AF-4B37-9475-8833F6D1BF4E}.Debug|Any CPU.ActiveCfg = Debug|Any CPU
		{5C531141-69AF-4B37-9475-8833F6D1BF4E}.Debug|Any CPU.Build.0 = Debug|Any CPU
		{5C531141-69AF-4B37-9475-8833F6D1BF4E}.Release|Any CPU.ActiveCfg = Release|Any CPU
		{5C531141-69AF-4B37-9475-8833F6D1BF4E}.Release|Any CPU.Build.0 = Release|Any CPU
		{B3E8E7AB-5107-4724-9493-C8A3092774D9}.Debug|Any CPU.ActiveCfg = Debug|Any CPU
		{B3E8E7AB-5107-4724-9493-C8A3092774D9}.Debug|Any CPU.Build.0 = Debug|Any CPU
		{B3E8E7AB-5107-4724-9493-C8A3092774D9}.Release|Any CPU.ActiveCfg = Release|Any CPU
		{B3E8E7AB-5107-4724-9493-C8A3092774D9}.Release|Any CPU.Build.0 = Release|Any CPU
		{4136A99B-ED16-480C-A58D-6C49EB05FF77}.Debug|Any CPU.ActiveCfg = Debug|Any CPU
		{4136A99B-ED16-480C-A58D-6C49EB05FF77}.Debug|Any CPU.Build.0 = Debug|Any CPU
		{4136A99B-ED16-480C-A58D-6C49EB05FF77}.Release|Any CPU.ActiveCfg = Release|Any CPU
		{4136A99B-ED16-480C-A58D-6C49EB05FF77}.Release|Any CPU.Build.0 = Release|Any CPU
		{BC964C06-7C18-460B-94BF-0223BDE1CCA0}.Debug|Any CPU.ActiveCfg = Debug|Any CPU
		{BC964C06-7C18-460B-94BF-0223BDE1CCA0}.Debug|Any CPU.Build.0 = Debug|Any CPU
		{BC964C06-7C18-460B-94BF-0223BDE1CCA0}.Release|Any CPU.ActiveCfg = Release|Any CPU
		{BC964C06-7C18-460B-94BF-0223BDE1CCA0}.Release|Any CPU.Build.0 = Release|Any CPU
		{4EF577BC-F174-4F3E-A5C0-AA172555F27B}.Debug|Any CPU.ActiveCfg = Debug|Any CPU
		{4EF577BC-F174-4F3E-A5C0-AA172555F27B}.Debug|Any CPU.Build.0 = Debug|Any CPU
		{4EF577BC-F174-4F3E-A5C0-AA172555F27B}.Release|Any CPU.ActiveCfg = Release|Any CPU
		{4EF577BC-F174-4F3E-A5C0-AA172555F27B}.Release|Any CPU.Build.0 = Release|Any CPU
		{4C35A41B-6F7E-420B-954B-999EAFF72F60}.Debug|Any CPU.ActiveCfg = Debug|Any CPU
		{4C35A41B-6F7E-420B-954B-999EAFF72F60}.Debug|Any CPU.Build.0 = Debug|Any CPU
		{4C35A41B-6F7E-420B-954B-999EAFF72F60}.Release|Any CPU.ActiveCfg = Release|Any CPU
		{4C35A41B-6F7E-420B-954B-999EAFF72F60}.Release|Any CPU.Build.0 = Release|Any CPU
		{0B8A2CF4-57ED-4F2A-88D3-D95E4699849A}.Debug|Any CPU.ActiveCfg = Debug|Any CPU
		{0B8A2CF4-57ED-4F2A-88D3-D95E4699849A}.Debug|Any CPU.Build.0 = Debug|Any CPU
		{0B8A2CF4-57ED-4F2A-88D3-D95E4699849A}.Release|Any CPU.ActiveCfg = Release|Any CPU
		{0B8A2CF4-57ED-4F2A-88D3-D95E4699849A}.Release|Any CPU.Build.0 = Release|Any CPU
		{B233BA62-A017-46D0-8C51-636089238ACE}.Debug|Any CPU.ActiveCfg = Debug|Any CPU
		{B233BA62-A017-46D0-8C51-636089238ACE}.Debug|Any CPU.Build.0 = Debug|Any CPU
		{B233BA62-A017-46D0-8C51-636089238ACE}.Release|Any CPU.ActiveCfg = Release|Any CPU
		{B233BA62-A017-46D0-8C51-636089238ACE}.Release|Any CPU.Build.0 = Release|Any CPU
		{CD08DDD2-23FD-4D1C-8CF8-0B50C1319D73}.Debug|Any CPU.ActiveCfg = Debug|Any CPU
		{CD08DDD2-23FD-4D1C-8CF8-0B50C1319D73}.Debug|Any CPU.Build.0 = Debug|Any CPU
		{CD08DDD2-23FD-4D1C-8CF8-0B50C1319D73}.Release|Any CPU.ActiveCfg = Release|Any CPU
		{CD08DDD2-23FD-4D1C-8CF8-0B50C1319D73}.Release|Any CPU.Build.0 = Release|Any CPU
		{4F4B5B18-EF70-4DCB-BE23-43340202F5C1}.Debug|Any CPU.ActiveCfg = Debug|Any CPU
		{4F4B5B18-EF70-4DCB-BE23-43340202F5C1}.Debug|Any CPU.Build.0 = Debug|Any CPU
		{4F4B5B18-EF70-4DCB-BE23-43340202F5C1}.Release|Any CPU.ActiveCfg = Release|Any CPU
		{4F4B5B18-EF70-4DCB-BE23-43340202F5C1}.Release|Any CPU.Build.0 = Release|Any CPU
		{CF13B0E3-4F55-46F6-A309-09460C7E2134}.Debug|Any CPU.ActiveCfg = Debug|Any CPU
		{CF13B0E3-4F55-46F6-A309-09460C7E2134}.Debug|Any CPU.Build.0 = Debug|Any CPU
		{CF13B0E3-4F55-46F6-A309-09460C7E2134}.Release|Any CPU.ActiveCfg = Release|Any CPU
		{CF13B0E3-4F55-46F6-A309-09460C7E2134}.Release|Any CPU.Build.0 = Release|Any CPU
		{DAFB33FF-9D1D-4153-9C7A-BB6EECD0E51D}.Debug|Any CPU.ActiveCfg = Debug|Any CPU
		{DAFB33FF-9D1D-4153-9C7A-BB6EECD0E51D}.Debug|Any CPU.Build.0 = Debug|Any CPU
		{DAFB33FF-9D1D-4153-9C7A-BB6EECD0E51D}.Release|Any CPU.ActiveCfg = Release|Any CPU
		{DAFB33FF-9D1D-4153-9C7A-BB6EECD0E51D}.Release|Any CPU.Build.0 = Release|Any CPU
		{BDFE04DA-C74C-48FC-9DD8-B827AA6CCA51}.Debug|Any CPU.ActiveCfg = Debug|Any CPU
		{BDFE04DA-C74C-48FC-9DD8-B827AA6CCA51}.Debug|Any CPU.Build.0 = Debug|Any CPU
		{BDFE04DA-C74C-48FC-9DD8-B827AA6CCA51}.Release|Any CPU.ActiveCfg = Release|Any CPU
		{BDFE04DA-C74C-48FC-9DD8-B827AA6CCA51}.Release|Any CPU.Build.0 = Release|Any CPU
		{047E6D0B-AB3A-4162-B489-B750A75BDB87}.Debug|Any CPU.ActiveCfg = Debug|Any CPU
		{047E6D0B-AB3A-4162-B489-B750A75BDB87}.Debug|Any CPU.Build.0 = Debug|Any CPU
		{047E6D0B-AB3A-4162-B489-B750A75BDB87}.Release|Any CPU.ActiveCfg = Release|Any CPU
		{047E6D0B-AB3A-4162-B489-B750A75BDB87}.Release|Any CPU.Build.0 = Release|Any CPU
		{AC823286-8661-431B-B27F-252AF468E059}.Debug|Any CPU.ActiveCfg = Debug|Any CPU
		{AC823286-8661-431B-B27F-252AF468E059}.Debug|Any CPU.Build.0 = Debug|Any CPU
		{AC823286-8661-431B-B27F-252AF468E059}.Release|Any CPU.ActiveCfg = Release|Any CPU
		{AC823286-8661-431B-B27F-252AF468E059}.Release|Any CPU.Build.0 = Release|Any CPU
		{7FF64080-0B9A-430D-A0DF-F3B50C8E6AB3}.Debug|Any CPU.ActiveCfg = Debug|Any CPU
		{7FF64080-0B9A-430D-A0DF-F3B50C8E6AB3}.Debug|Any CPU.Build.0 = Debug|Any CPU
		{7FF64080-0B9A-430D-A0DF-F3B50C8E6AB3}.Release|Any CPU.ActiveCfg = Release|Any CPU
		{7FF64080-0B9A-430D-A0DF-F3B50C8E6AB3}.Release|Any CPU.Build.0 = Release|Any CPU
		{D2DE8817-9B07-48D7-9D9C-9C3568996E1B}.Debug|Any CPU.ActiveCfg = Debug|Any CPU
		{D2DE8817-9B07-48D7-9D9C-9C3568996E1B}.Debug|Any CPU.Build.0 = Debug|Any CPU
		{D2DE8817-9B07-48D7-9D9C-9C3568996E1B}.Release|Any CPU.ActiveCfg = Release|Any CPU
		{D2DE8817-9B07-48D7-9D9C-9C3568996E1B}.Release|Any CPU.Build.0 = Release|Any CPU
		{D8D15052-AE34-4BF2-A561-FD341A3AC572}.Debug|Any CPU.ActiveCfg = Debug|Any CPU
		{D8D15052-AE34-4BF2-A561-FD341A3AC572}.Debug|Any CPU.Build.0 = Debug|Any CPU
		{D8D15052-AE34-4BF2-A561-FD341A3AC572}.Release|Any CPU.ActiveCfg = Release|Any CPU
		{D8D15052-AE34-4BF2-A561-FD341A3AC572}.Release|Any CPU.Build.0 = Release|Any CPU
		{638C25C4-40E9-41B5-B59A-25E373A5DD44}.Debug|Any CPU.ActiveCfg = Debug|Any CPU
		{638C25C4-40E9-41B5-B59A-25E373A5DD44}.Debug|Any CPU.Build.0 = Debug|Any CPU
		{638C25C4-40E9-41B5-B59A-25E373A5DD44}.Release|Any CPU.ActiveCfg = Release|Any CPU
		{638C25C4-40E9-41B5-B59A-25E373A5DD44}.Release|Any CPU.Build.0 = Release|Any CPU
		{C4C14063-FB46-4255-8C27-F796FB863B73}.Debug|Any CPU.ActiveCfg = Debug|Any CPU
		{C4C14063-FB46-4255-8C27-F796FB863B73}.Debug|Any CPU.Build.0 = Debug|Any CPU
		{C4C14063-FB46-4255-8C27-F796FB863B73}.Release|Any CPU.ActiveCfg = Release|Any CPU
		{C4C14063-FB46-4255-8C27-F796FB863B73}.Release|Any CPU.Build.0 = Release|Any CPU
		{4D988B3D-822B-4A37-9484-A6AB57A59206}.Debug|Any CPU.ActiveCfg = Debug|Any CPU
		{4D988B3D-822B-4A37-9484-A6AB57A59206}.Debug|Any CPU.Build.0 = Debug|Any CPU
		{4D988B3D-822B-4A37-9484-A6AB57A59206}.Release|Any CPU.ActiveCfg = Release|Any CPU
		{4D988B3D-822B-4A37-9484-A6AB57A59206}.Release|Any CPU.Build.0 = Release|Any CPU
		{D8ED30EF-82EF-477B-8695-0E4FB2ED61A2}.Debug|Any CPU.ActiveCfg = Debug|Any CPU
		{D8ED30EF-82EF-477B-8695-0E4FB2ED61A2}.Debug|Any CPU.Build.0 = Debug|Any CPU
		{D8ED30EF-82EF-477B-8695-0E4FB2ED61A2}.Release|Any CPU.ActiveCfg = Release|Any CPU
		{D8ED30EF-82EF-477B-8695-0E4FB2ED61A2}.Release|Any CPU.Build.0 = Release|Any CPU
		{CABCE68A-6A50-418E-A3B4-9F811CB12136}.Debug|Any CPU.ActiveCfg = Debug|Any CPU
		{CABCE68A-6A50-418E-A3B4-9F811CB12136}.Debug|Any CPU.Build.0 = Debug|Any CPU
		{CABCE68A-6A50-418E-A3B4-9F811CB12136}.Release|Any CPU.ActiveCfg = Release|Any CPU
		{CABCE68A-6A50-418E-A3B4-9F811CB12136}.Release|Any CPU.Build.0 = Release|Any CPU
		{E4681621-DB44-4164-95CA-CFDD573715B6}.Debug|Any CPU.ActiveCfg = Debug|Any CPU
		{E4681621-DB44-4164-95CA-CFDD573715B6}.Debug|Any CPU.Build.0 = Debug|Any CPU
		{E4681621-DB44-4164-95CA-CFDD573715B6}.Release|Any CPU.ActiveCfg = Release|Any CPU
		{E4681621-DB44-4164-95CA-CFDD573715B6}.Release|Any CPU.Build.0 = Release|Any CPU
		{0C45D858-CBC7-4AA2-9F6F-259934A781CA}.Debug|Any CPU.ActiveCfg = Debug|Any CPU
		{0C45D858-CBC7-4AA2-9F6F-259934A781CA}.Debug|Any CPU.Build.0 = Debug|Any CPU
		{0C45D858-CBC7-4AA2-9F6F-259934A781CA}.Release|Any CPU.ActiveCfg = Release|Any CPU
		{0C45D858-CBC7-4AA2-9F6F-259934A781CA}.Release|Any CPU.Build.0 = Release|Any CPU
		{BBEC192E-505B-4624-B954-38AEAC5A0F19}.Debug|Any CPU.ActiveCfg = Debug|Any CPU
		{BBEC192E-505B-4624-B954-38AEAC5A0F19}.Debug|Any CPU.Build.0 = Debug|Any CPU
		{BBEC192E-505B-4624-B954-38AEAC5A0F19}.Release|Any CPU.ActiveCfg = Release|Any CPU
		{BBEC192E-505B-4624-B954-38AEAC5A0F19}.Release|Any CPU.Build.0 = Release|Any CPU
		{58B4479B-A29F-4CA1-8581-B04970BEFFB1}.Debug|Any CPU.ActiveCfg = Debug|Any CPU
		{58B4479B-A29F-4CA1-8581-B04970BEFFB1}.Debug|Any CPU.Build.0 = Debug|Any CPU
		{58B4479B-A29F-4CA1-8581-B04970BEFFB1}.Release|Any CPU.ActiveCfg = Release|Any CPU
		{58B4479B-A29F-4CA1-8581-B04970BEFFB1}.Release|Any CPU.Build.0 = Release|Any CPU
		{A805C1CA-4FBE-4124-8306-B17EF2A7063E}.Debug|Any CPU.ActiveCfg = Debug|Any CPU
		{A805C1CA-4FBE-4124-8306-B17EF2A7063E}.Debug|Any CPU.Build.0 = Debug|Any CPU
		{A805C1CA-4FBE-4124-8306-B17EF2A7063E}.Release|Any CPU.ActiveCfg = Release|Any CPU
		{A805C1CA-4FBE-4124-8306-B17EF2A7063E}.Release|Any CPU.Build.0 = Release|Any CPU
		{4D79A8CC-772E-411F-859E-8B507EE9BB24}.Debug|Any CPU.ActiveCfg = Debug|Any CPU
		{4D79A8CC-772E-411F-859E-8B507EE9BB24}.Debug|Any CPU.Build.0 = Debug|Any CPU
		{4D79A8CC-772E-411F-859E-8B507EE9BB24}.Release|Any CPU.ActiveCfg = Release|Any CPU
		{4D79A8CC-772E-411F-859E-8B507EE9BB24}.Release|Any CPU.Build.0 = Release|Any CPU
		{B6C96348-B678-4E30-8595-12A52AEC3E10}.Debug|Any CPU.ActiveCfg = Debug|Any CPU
		{B6C96348-B678-4E30-8595-12A52AEC3E10}.Debug|Any CPU.Build.0 = Debug|Any CPU
		{B6C96348-B678-4E30-8595-12A52AEC3E10}.Release|Any CPU.ActiveCfg = Release|Any CPU
		{B6C96348-B678-4E30-8595-12A52AEC3E10}.Release|Any CPU.Build.0 = Release|Any CPU
		{FEEDA9BA-5E23-4F79-B241-FF6581B75A72}.Debug|Any CPU.ActiveCfg = Debug|Any CPU
		{FEEDA9BA-5E23-4F79-B241-FF6581B75A72}.Debug|Any CPU.Build.0 = Debug|Any CPU
		{FEEDA9BA-5E23-4F79-B241-FF6581B75A72}.Release|Any CPU.ActiveCfg = Release|Any CPU
		{FEEDA9BA-5E23-4F79-B241-FF6581B75A72}.Release|Any CPU.Build.0 = Release|Any CPU
		{3521AEE1-7506-46E2-9A49-D3813E11221D}.Debug|Any CPU.ActiveCfg = Debug|Any CPU
		{3521AEE1-7506-46E2-9A49-D3813E11221D}.Debug|Any CPU.Build.0 = Debug|Any CPU
		{3521AEE1-7506-46E2-9A49-D3813E11221D}.Release|Any CPU.ActiveCfg = Release|Any CPU
		{3521AEE1-7506-46E2-9A49-D3813E11221D}.Release|Any CPU.Build.0 = Release|Any CPU
		{C4910C9F-55D5-410E-BD1D-609B9332BD14}.Debug|Any CPU.ActiveCfg = Debug|Any CPU
		{C4910C9F-55D5-410E-BD1D-609B9332BD14}.Debug|Any CPU.Build.0 = Debug|Any CPU
		{C4910C9F-55D5-410E-BD1D-609B9332BD14}.Release|Any CPU.ActiveCfg = Release|Any CPU
		{C4910C9F-55D5-410E-BD1D-609B9332BD14}.Release|Any CPU.Build.0 = Release|Any CPU
		{6E757282-D9C4-474D-A472-24BC86B78ACB}.Debug|Any CPU.ActiveCfg = Debug|Any CPU
		{6E757282-D9C4-474D-A472-24BC86B78ACB}.Debug|Any CPU.Build.0 = Debug|Any CPU
		{6E757282-D9C4-474D-A472-24BC86B78ACB}.Release|Any CPU.ActiveCfg = Release|Any CPU
		{6E757282-D9C4-474D-A472-24BC86B78ACB}.Release|Any CPU.Build.0 = Release|Any CPU
		{D6852DC7-DDF1-436E-BA7F-5229A9DD4845}.Debug|Any CPU.ActiveCfg = Debug|Any CPU
		{D6852DC7-DDF1-436E-BA7F-5229A9DD4845}.Debug|Any CPU.Build.0 = Debug|Any CPU
		{D6852DC7-DDF1-436E-BA7F-5229A9DD4845}.Release|Any CPU.ActiveCfg = Release|Any CPU
		{D6852DC7-DDF1-436E-BA7F-5229A9DD4845}.Release|Any CPU.Build.0 = Release|Any CPU
		{DF3E0CDD-3CFF-42B0-AC17-F51EB20BDE6D}.Debug|Any CPU.ActiveCfg = Debug|Any CPU
		{DF3E0CDD-3CFF-42B0-AC17-F51EB20BDE6D}.Debug|Any CPU.Build.0 = Debug|Any CPU
		{DF3E0CDD-3CFF-42B0-AC17-F51EB20BDE6D}.Release|Any CPU.ActiveCfg = Release|Any CPU
		{DF3E0CDD-3CFF-42B0-AC17-F51EB20BDE6D}.Release|Any CPU.Build.0 = Release|Any CPU
		{8D9226BF-5F72-47AD-B328-A669175B54DC}.Debug|Any CPU.ActiveCfg = Debug|Any CPU
		{8D9226BF-5F72-47AD-B328-A669175B54DC}.Debug|Any CPU.Build.0 = Debug|Any CPU
		{8D9226BF-5F72-47AD-B328-A669175B54DC}.Release|Any CPU.ActiveCfg = Release|Any CPU
		{8D9226BF-5F72-47AD-B328-A669175B54DC}.Release|Any CPU.Build.0 = Release|Any CPU
		{6619DF8C-07A4-41CD-8623-3EA63952C2A6}.Debug|Any CPU.ActiveCfg = Debug|Any CPU
		{6619DF8C-07A4-41CD-8623-3EA63952C2A6}.Debug|Any CPU.Build.0 = Debug|Any CPU
		{6619DF8C-07A4-41CD-8623-3EA63952C2A6}.Release|Any CPU.ActiveCfg = Release|Any CPU
		{6619DF8C-07A4-41CD-8623-3EA63952C2A6}.Release|Any CPU.Build.0 = Release|Any CPU
		{8417DCEE-D171-4E78-A55E-4A14840D780A}.Debug|Any CPU.ActiveCfg = Debug|Any CPU
		{8417DCEE-D171-4E78-A55E-4A14840D780A}.Debug|Any CPU.Build.0 = Debug|Any CPU
		{8417DCEE-D171-4E78-A55E-4A14840D780A}.Release|Any CPU.ActiveCfg = Release|Any CPU
		{8417DCEE-D171-4E78-A55E-4A14840D780A}.Release|Any CPU.Build.0 = Release|Any CPU
		{14CBF002-FE15-470F-9774-5B20FACB318A}.Debug|Any CPU.ActiveCfg = Debug|Any CPU
		{14CBF002-FE15-470F-9774-5B20FACB318A}.Debug|Any CPU.Build.0 = Debug|Any CPU
		{14CBF002-FE15-470F-9774-5B20FACB318A}.Release|Any CPU.ActiveCfg = Release|Any CPU
		{14CBF002-FE15-470F-9774-5B20FACB318A}.Release|Any CPU.Build.0 = Release|Any CPU
		{059F031F-05CF-47A0-A8F8-81B2430CBC81}.Debug|Any CPU.ActiveCfg = Debug|Any CPU
		{059F031F-05CF-47A0-A8F8-81B2430CBC81}.Debug|Any CPU.Build.0 = Debug|Any CPU
		{059F031F-05CF-47A0-A8F8-81B2430CBC81}.Release|Any CPU.ActiveCfg = Release|Any CPU
		{059F031F-05CF-47A0-A8F8-81B2430CBC81}.Release|Any CPU.Build.0 = Release|Any CPU
		{88DD2391-4EE6-4226-8FA6-B05FBAB2F45C}.Debug|Any CPU.ActiveCfg = Debug|Any CPU
		{88DD2391-4EE6-4226-8FA6-B05FBAB2F45C}.Debug|Any CPU.Build.0 = Debug|Any CPU
		{88DD2391-4EE6-4226-8FA6-B05FBAB2F45C}.Release|Any CPU.ActiveCfg = Release|Any CPU
		{88DD2391-4EE6-4226-8FA6-B05FBAB2F45C}.Release|Any CPU.Build.0 = Release|Any CPU
		{F73E7F46-A7B2-409E-A31F-E457846C2D0F}.Debug|Any CPU.ActiveCfg = Debug|Any CPU
		{F73E7F46-A7B2-409E-A31F-E457846C2D0F}.Debug|Any CPU.Build.0 = Debug|Any CPU
		{F73E7F46-A7B2-409E-A31F-E457846C2D0F}.Release|Any CPU.ActiveCfg = Release|Any CPU
		{F73E7F46-A7B2-409E-A31F-E457846C2D0F}.Release|Any CPU.Build.0 = Release|Any CPU
		{3C4A5F0A-E089-4216-B954-FA7F1128766C}.Debug|Any CPU.ActiveCfg = Debug|Any CPU
		{3C4A5F0A-E089-4216-B954-FA7F1128766C}.Debug|Any CPU.Build.0 = Debug|Any CPU
		{3C4A5F0A-E089-4216-B954-FA7F1128766C}.Release|Any CPU.ActiveCfg = Release|Any CPU
		{3C4A5F0A-E089-4216-B954-FA7F1128766C}.Release|Any CPU.Build.0 = Release|Any CPU
		{D417459E-2A95-4628-8D10-230E5C770986}.Debug|Any CPU.ActiveCfg = Debug|Any CPU
		{D417459E-2A95-4628-8D10-230E5C770986}.Debug|Any CPU.Build.0 = Debug|Any CPU
		{D417459E-2A95-4628-8D10-230E5C770986}.Release|Any CPU.ActiveCfg = Release|Any CPU
		{D417459E-2A95-4628-8D10-230E5C770986}.Release|Any CPU.Build.0 = Release|Any CPU
		{7AD725A6-A754-495D-A3FC-164A2A7B976D}.Debug|Any CPU.ActiveCfg = Debug|Any CPU
		{7AD725A6-A754-495D-A3FC-164A2A7B976D}.Debug|Any CPU.Build.0 = Debug|Any CPU
		{7AD725A6-A754-495D-A3FC-164A2A7B976D}.Release|Any CPU.ActiveCfg = Release|Any CPU
		{7AD725A6-A754-495D-A3FC-164A2A7B976D}.Release|Any CPU.Build.0 = Release|Any CPU
		{BFA09C37-D151-4812-BA00-D8CE9AFEFBB8}.Debug|Any CPU.ActiveCfg = Debug|Any CPU
		{BFA09C37-D151-4812-BA00-D8CE9AFEFBB8}.Debug|Any CPU.Build.0 = Debug|Any CPU
		{BFA09C37-D151-4812-BA00-D8CE9AFEFBB8}.Release|Any CPU.ActiveCfg = Release|Any CPU
		{BFA09C37-D151-4812-BA00-D8CE9AFEFBB8}.Release|Any CPU.Build.0 = Release|Any CPU
		{876DC9C3-D560-4A89-9F27-CE0F95067341}.Debug|Any CPU.ActiveCfg = Debug|Any CPU
		{876DC9C3-D560-4A89-9F27-CE0F95067341}.Debug|Any CPU.Build.0 = Debug|Any CPU
		{876DC9C3-D560-4A89-9F27-CE0F95067341}.Release|Any CPU.ActiveCfg = Release|Any CPU
		{876DC9C3-D560-4A89-9F27-CE0F95067341}.Release|Any CPU.Build.0 = Release|Any CPU
		{74A4405B-8404-4495-A718-C9063080DCD5}.Debug|Any CPU.ActiveCfg = Debug|Any CPU
		{74A4405B-8404-4495-A718-C9063080DCD5}.Debug|Any CPU.Build.0 = Debug|Any CPU
		{74A4405B-8404-4495-A718-C9063080DCD5}.Release|Any CPU.ActiveCfg = Release|Any CPU
		{74A4405B-8404-4495-A718-C9063080DCD5}.Release|Any CPU.Build.0 = Release|Any CPU
	EndGlobalSection
	GlobalSection(SolutionProperties) = preSolution
		HideSolutionNode = FALSE
	EndGlobalSection
	GlobalSection(ExtensibilityGlobals) = postSolution
		SolutionGuid = {2065B3E5-B2D2-464F-9233-91BDA285D953}
	EndGlobalSection
EndGlobal
