
Microsoft Visual Studio Solution File, Format Version 12.00
# Visual Studio Version 17
VisualStudioVersion = 17.14.36511.14 d17.14
MinimumVisualStudioVersion = 10.0.40219.1
Project("{FAE04EC0-301F-11D3-BF4B-00C04F79EFBC}") = "Section8", "Section8\Section8.csproj", "{B4C93353-121C-48F6-B078-AB4E9ADC4950}"
EndProject
Project("{FAE04EC0-301F-11D3-BF4B-00C04F79EFBC}") = "Section8_Ex01", "Section8_Ex01\Section8_Ex01.csproj", "{3E5D9A37-D672-4182-A2B2-2ADD1A1FCD61}"
EndProject
Project("{FAE04EC0-301F-11D3-BF4B-00C04F79EFBC}") = "Section8_Ex02", "Section8_Ex02\Section8_Ex02.csproj", "{BF4E2A8D-472A-4F86-ABB8-7AB36BD135A5}"
EndProject
Project("{FAE04EC0-301F-11D3-BF4B-00C04F79EFBC}") = "Section8_Ex03", "Section8_Ex03\Section8_Ex03.csproj", "{0FEECEF2-FE86-41BE-AC9F-8CE708E32586}"
EndProject
Project("{FAE04EC0-301F-11D3-BF4B-00C04F79EFBC}") = "Section8_Ex04", "Section8_Ex04\Section8_Ex04.csproj", "{B94DD637-8CC9-4F46-8DC6-3FD5EC565383}"
EndProject
Global
	GlobalSection(SolutionConfigurationPlatforms) = preSolution
		Debug|Any CPU = Debug|Any CPU
		Release|Any CPU = Release|Any CPU
	EndGlobalSection
	GlobalSection(ProjectConfigurationPlatforms) = postSolution
		{B4C93353-121C-48F6-B078-AB4E9ADC4950}.Debug|Any CPU.ActiveCfg = Debug|Any CPU
		{B4C93353-121C-48F6-B078-AB4E9ADC4950}.Debug|Any CPU.Build.0 = Debug|Any CPU
		{B4C93353-121C-48F6-B078-AB4E9ADC4950}.Release|Any CPU.ActiveCfg = Release|Any CPU
		{B4C93353-121C-48F6-B078-AB4E9ADC4950}.Release|Any CPU.Build.0 = Release|Any CPU
		{3E5D9A37-D672-4182-A2B2-2ADD1A1FCD61}.Debug|Any CPU.ActiveCfg = Debug|Any CPU
		{3E5D9A37-D672-4182-A2B2-2ADD1A1FCD61}.Debug|Any CPU.Build.0 = Debug|Any CPU
		{3E5D9A37-D672-4182-A2B2-2ADD1A1FCD61}.Release|Any CPU.ActiveCfg = Release|Any CPU
		{3E5D9A37-D672-4182-A2B2-2ADD1A1FCD61}.Release|Any CPU.Build.0 = Release|Any CPU
		{BF4E2A8D-472A-4F86-ABB8-7AB36BD135A5}.Debug|Any CPU.ActiveCfg = Debug|Any CPU
		{BF4E2A8D-472A-4F86-ABB8-7AB36BD135A5}.Debug|Any CPU.Build.0 = Debug|Any CPU
		{BF4E2A8D-472A-4F86-ABB8-7AB36BD135A5}.Release|Any CPU.ActiveCfg = Release|Any CPU
		{BF4E2A8D-472A-4F86-ABB8-7AB36BD135A5}.Release|Any CPU.Build.0 = Release|Any CPU
		{0FEECEF2-FE86-41BE-AC9F-8CE708E32586}.Debug|Any CPU.ActiveCfg = Debug|Any CPU
		{0FEECEF2-FE86-41BE-AC9F-8CE708E32586}.Debug|Any CPU.Build.0 = Debug|Any CPU
		{0FEECEF2-FE86-41BE-AC9F-8CE708E32586}.Release|Any CPU.ActiveCfg = Release|Any CPU
		{0FEECEF2-FE86-41BE-AC9F-8CE708E32586}.Release|Any CPU.Build.0 = Release|Any CPU
		{B94DD637-8CC9-4F46-8DC6-3FD5EC565383}.Debug|Any CPU.ActiveCfg = Debug|Any CPU
		{B94DD637-8CC9-4F46-8DC6-3FD5EC565383}.Debug|Any CPU.Build.0 = Debug|Any CPU
		{B94DD637-8CC9-4F46-8DC6-3FD5EC565383}.Release|Any CPU.ActiveCfg = Release|Any CPU
		{B94DD637-8CC9-4F46-8DC6-3FD5EC565383}.Release|Any CPU.Build.0 = Release|Any CPU
	EndGlobalSection
	GlobalSection(SolutionProperties) = preSolution
		HideSolutionNode = FALSE
	EndGlobalSection
	GlobalSection(ExtensibilityGlobals) = postSolution
		SolutionGuid = {B521A219-0A06-464F-A2B7-7BDB7381ADD3}
	EndGlobalSection
EndGlobal
