
Microsoft Visual Studio Solution File, Format Version 12.00
# Visual Studio Version 17
VisualStudioVersion = 17.14.36511.14 d17.14
MinimumVisualStudioVersion = 10.0.40219.1
Project("{FAE04EC0-301F-11D3-BF4B-00C04F79EFBC}") = "Section142", "Section142\Section142.csproj", "{3F372626-D343-455A-AE12-4E0653B25431}"
EndProject
Global
	GlobalSection(SolutionConfigurationPlatforms) = preSolution
		Debug|Any CPU = Debug|Any CPU
		Release|Any CPU = Release|Any CPU
	EndGlobalSection
	GlobalSection(ProjectConfigurationPlatforms) = postSolution
		{3F372626-D343-455A-AE12-4E0653B25431}.Debug|Any CPU.ActiveCfg = Debug|Any CPU
		{3F372626-D343-455A-AE12-4E0653B25431}.Debug|Any CPU.Build.0 = Debug|Any CPU
		{3F372626-D343-455A-AE12-4E0653B25431}.Release|Any CPU.ActiveCfg = Release|Any CPU
		{3F372626-D343-455A-AE12-4E0653B25431}.Release|Any CPU.Build.0 = Release|Any CPU
	EndGlobalSection
	GlobalSection(SolutionProperties) = preSolution
		HideSolutionNode = FALSE
	EndGlobalSection
	GlobalSection(ExtensibilityGlobals) = postSolution
		SolutionGuid = {107F276F-FE24-4A9F-BF14-3B33F28C28E2}
	EndGlobalSection
EndGlobal
